Microsoft Visual Studio Solution File, Format Version 11.00
# Visual Studio 2008

Project("{61EE5A22-CD5F-14ED-4E48-EB5611031E74}") = "Interaction", "Assembly-CSharp-vs.csproj", "{BC37BCFF-1AFF-BD78-A9ED-C6744DB277F2}"
EndProject
Project("{61EE5A22-CD5F-14ED-4E48-EB5611031E74}") = "Interaction", "Assembly-CSharp-Editor-vs.csproj", "{89194CD7-75FB-B98E-7B7B-4D32B2DF77C2}"
EndProject
Global
	GlobalSection(SolutionConfigurationPlatforms) = preSolution
		Debug|Any CPU = Debug|Any CPU
		Release|Any CPU = Release|Any CPU
	EndGlobalSection
	GlobalSection(ProjectConfigurationPlatforms) = postSolution
		{BC37BCFF-1AFF-BD78-A9ED-C6744DB277F2}.Debug|Any CPU.ActiveCfg = Debug|Any CPU
		{BC37BCFF-1AFF-BD78-A9ED-C6744DB277F2}.Debug|Any CPU.Build.0 = Debug|Any CPU
		{BC37BCFF-1AFF-BD78-A9ED-C6744DB277F2}.Release|Any CPU.ActiveCfg = Release|Any CPU
		{BC37BCFF-1AFF-BD78-A9ED-C6744DB277F2}.Release|Any CPU.Build.0 = Release|Any CPU
		{89194CD7-75FB-B98E-7B7B-4D32B2DF77C2}.Debug|Any CPU.ActiveCfg = Debug|Any CPU
		{89194CD7-75FB-B98E-7B7B-4D32B2DF77C2}.Debug|Any CPU.Build.0 = Debug|Any CPU
		{89194CD7-75FB-B98E-7B7B-4D32B2DF77C2}.Release|Any CPU.ActiveCfg = Release|Any CPU
		{89194CD7-75FB-B98E-7B7B-4D32B2DF77C2}.Release|Any CPU.Build.0 = Release|Any CPU
	EndGlobalSection
	GlobalSection(SolutionProperties) = preSolution
		HideSolutionNode = FALSE
	EndGlobalSection
																																																GlobalSection(MonoDevelopProperties) = preSolution
		StartupItem = Assembly-CSharp.csproj
		Policies = $0
		$0.TextStylePolicy = $1
		$1.inheritsSet = null
		$1.scope = text/x-csharp
		$0.CSharpFormattingPolicy = $2
		$2.inheritsSet = Mono
		$2.inheritsScope = text/x-csharp
		$2.scope = text/x-csharp
		$0.TextStylePolicy = $3
		$3.FileWidth = 120
		$3.TabWidth = 4
		$3.IndentWidth = 4
		$3.EolMarker = Unix
		$3.inheritsSet = Mono
		$3.inheritsScope = text/plain
		$3.scope = text/plain
	EndGlobalSection

EndGlobal
